
Microsoft Visual Studio Solution File, Format Version 12.00
# Visual Studio Version 17
VisualStudioVersion = 17.12.35323.107
MinimumVisualStudioVersion = 10.0.40219.1
Project("{8BC9CEB8-8B4A-11D0-8D11-00A0C91BC942}") = "test", "test.vcxproj", "{F4FED501-EE8C-4528-B34A-96CCBBE4C598}"
EndProject
Global
	GlobalSection(SolutionConfigurationPlatforms) = preSolution
		Debug|x64 = Debug|x64
		Debug|x86 = Debug|x86
		Release|x64 = Release|x64
		Release|x86 = Release|x86
	EndGlobalSection
	GlobalSection(ProjectConfigurationPlatforms) = postSolution
		{F4FED501-EE8C-4528-B34A-96CCBBE4C598}.Debug|x64.ActiveCfg = Debug|x64
		{F4FED501-EE8C-4528-B34A-96CCBBE4C598}.Debug|x64.Build.0 = Debug|x64
		{F4FED501-EE8C-4528-B34A-96CCBBE4C598}.Debug|x86.ActiveCfg = Debug|Win32
		{F4FED501-EE8C-4528-B34A-96CCBBE4C598}.Debug|x86.Build.0 = Debug|Win32
		{F4FED501-EE8C-4528-B34A-96CCBBE4C598}.Release|x64.ActiveCfg = Release|x64
		{F4FED501-EE8C-4528-B34A-96CCBBE4C598}.Release|x64.Build.0 = Release|x64
		{F4FED501-EE8C-4528-B34A-96CCBBE4C598}.Release|x86.ActiveCfg = Release|Win32
		{F4FED501-EE8C-4528-B34A-96CCBBE4C598}.Release|x86.Build.0 = Release|Win32
	EndGlobalSection
	GlobalSection(SolutionProperties) = preSolution
		HideSolutionNode = FALSE
	EndGlobalSection
	GlobalSection(ExtensibilityGlobals) = postSolution
		SolutionGuid = {D8F9A009-FDC7-4A82-909F-1AA747CB2953}
	EndGlobalSection
EndGlobal
